
Microsoft Visual Studio Solution File, Format Version 12.00
# Visual Studio Version 17
VisualStudioVersion = 17.5.33516.290
MinimumVisualStudioVersion = 10.0.40219.1
Project("{FAE04EC0-301F-11D3-BF4B-00C04F79EFBC}") = "Work", "Work_Calculator\Work.csproj", "{6DE30C79-6FFA-4C02-BBEE-42B2256FC163}"
EndProject
Global
	GlobalSection(SolutionConfigurationPlatforms) = preSolution
		Debug|Any CPU = Debug|Any CPU
		Release|Any CPU = Release|Any CPU
	EndGlobalSection
	GlobalSection(ProjectConfigurationPlatforms) = postSolution
		{6DE30C79-6FFA-4C02-BBEE-42B2256FC163}.Debug|Any CPU.ActiveCfg = Debug|Any CPU
		{6DE30C79-6FFA-4C02-BBEE-42B2256FC163}.Debug|Any CPU.Build.0 = Debug|Any CPU
		{6DE30C79-6FFA-4C02-BBEE-42B2256FC163}.Release|Any CPU.ActiveCfg = Release|Any CPU
		{6DE30C79-6FFA-4C02-BBEE-42B2256FC163}.Release|Any CPU.Build.0 = Release|Any CPU
	EndGlobalSection
	GlobalSection(SolutionProperties) = preSolution
		HideSolutionNode = FALSE
	EndGlobalSection
	GlobalSection(ExtensibilityGlobals) = postSolution
		SolutionGuid = {BACD632A-E684-4DD2-8C05-463BA87FD331}
	EndGlobalSection
EndGlobal
